{
  "name": "nutri",
  "lockfileVersion": 3,
  "requires": true,
  "packages": {
    "": {
      "dependencies": {
        "@lottiefiles/dotlottie-react": "^0.13.5"
      }
    },
    "node_modules/@lottiefiles/dotlottie-react": {
      "version": "0.13.5",
      "resolved": "https://registry.npmjs.org/@lottiefiles/dotlottie-react/-/dotlottie-react-0.13.5.tgz",
      "integrity": "sha512-4U5okwjRqDPkjB572hfZtLXJ/LGfCo6vDwUB2KIPEUoSgqbIlw+UrbnaqVp3GS+dRvhMD27F2JObpHpYRlpF0Q==",
      "license": "MIT",
      "dependencies": {
        "@lottiefiles/dotlottie-web": "0.44.0"
      },
      "peerDependencies": {
        "react": "^17 || ^18 || ^19"
      }
    },
    "node_modules/@lottiefiles/dotlottie-web": {
      "version": "0.44.0",
      "resolved": "https://registry.npmjs.org/@lottiefiles/dotlottie-web/-/dotlottie-web-0.44.0.tgz",
      "integrity": "sha512-IUWKVciDJI/BMWDWnh7j0Ngd0N8q9ySRAwm84aDqIE07qpmdZ7x1rkIpBaU1yHSNqNYHeh1Rxsl+LC3CY4f0KA==",
      "license": "MIT"
    },
    "node_modules/react": {
      "version": "19.1.0",
      "resolved": "https://registry.npmjs.org/react/-/react-19.1.0.tgz",
      "integrity": "sha512-FS+XFBNvn3GTAWq26joslQgWNoFu08F4kl0J4CgdNKADkdSGXQyTCnKteIAJy96Br6YbpEU1LSzV5dYtjMkMDg==",
      "license": "MIT",
      "peer": true,
      "engines": {
        "node": ">=0.10.0"
      }
    }
  }
}
